
Microsoft Visual Studio Solution File, Format Version 12.00
# Visual Studio Version 17
VisualStudioVersion = 17.9.34616.47
MinimumVisualStudioVersion = 10.0.40219.1
Project("{FAE04EC0-301F-11D3-BF4B-00C04F79EFBC}") = "AS2324.3G.MouniriYousef.PSArray", "AS2324.3G.MouniriYousef.PSArray.csproj", "{EE53F75C-7949-4E65-9D58-A4753C24AF22}"
EndProject
Global
	GlobalSection(SolutionConfigurationPlatforms) = preSolution
		Debug|Any CPU = Debug|Any CPU
		Release|Any CPU = Release|Any CPU
	EndGlobalSection
	GlobalSection(ProjectConfigurationPlatforms) = postSolution
		{EE53F75C-7949-4E65-9D58-A4753C24AF22}.Debug|Any CPU.ActiveCfg = Debug|Any CPU
		{EE53F75C-7949-4E65-9D58-A4753C24AF22}.Debug|Any CPU.Build.0 = Debug|Any CPU
		{EE53F75C-7949-4E65-9D58-A4753C24AF22}.Release|Any CPU.ActiveCfg = Release|Any CPU
		{EE53F75C-7949-4E65-9D58-A4753C24AF22}.Release|Any CPU.Build.0 = Release|Any CPU
	EndGlobalSection
	GlobalSection(SolutionProperties) = preSolution
		HideSolutionNode = FALSE
	EndGlobalSection
	GlobalSection(ExtensibilityGlobals) = postSolution
		SolutionGuid = {2BA79E6B-F106-47D2-854C-8208B2934EEE}
	EndGlobalSection
EndGlobal
